
Microsoft Visual Studio Solution File, Format Version 12.00
# Visual Studio Version 16
VisualStudioVersion = 16.0.31025.194
MinimumVisualStudioVersion = 10.0.40219.1
Project("{FAE04EC0-301F-11D3-BF4B-00C04F79EFBC}") = "Constant and Letrals", "Constant and Letrals\Constant and Letrals.csproj", "{4EA3489B-7B2E-46F6-A2F0-105A9FB71095}"
EndProject
Global
	GlobalSection(SolutionConfigurationPlatforms) = preSolution
		Debug|Any CPU = Debug|Any CPU
		Release|Any CPU = Release|Any CPU
	EndGlobalSection
	GlobalSection(ProjectConfigurationPlatforms) = postSolution
		{4EA3489B-7B2E-46F6-A2F0-105A9FB71095}.Debug|Any CPU.ActiveCfg = Debug|Any CPU
		{4EA3489B-7B2E-46F6-A2F0-105A9FB71095}.Debug|Any CPU.Build.0 = Debug|Any CPU
		{4EA3489B-7B2E-46F6-A2F0-105A9FB71095}.Release|Any CPU.ActiveCfg = Release|Any CPU
		{4EA3489B-7B2E-46F6-A2F0-105A9FB71095}.Release|Any CPU.Build.0 = Release|Any CPU
	EndGlobalSection
	GlobalSection(SolutionProperties) = preSolution
		HideSolutionNode = FALSE
	EndGlobalSection
	GlobalSection(ExtensibilityGlobals) = postSolution
		SolutionGuid = {69EB50C5-1225-402C-B1CB-CEE0C75047BA}
	EndGlobalSection
EndGlobal
