
Microsoft Visual Studio Solution File, Format Version 12.00
# Visual Studio Version 16
VisualStudioVersion = 16.0.31025.194
MinimumVisualStudioVersion = 10.0.40219.1
Project("{FAE04EC0-301F-11D3-BF4B-00C04F79EFBC}") = "HW", "HW\HW.csproj", "{49016E9E-B5B7-4D71-8BBF-0E3578518CBD}"
EndProject
Global
	GlobalSection(SolutionConfigurationPlatforms) = preSolution
		Debug|Any CPU = Debug|Any CPU
		Release|Any CPU = Release|Any CPU
	EndGlobalSection
	GlobalSection(ProjectConfigurationPlatforms) = postSolution
		{49016E9E-B5B7-4D71-8BBF-0E3578518CBD}.Debug|Any CPU.ActiveCfg = Debug|Any CPU
		{49016E9E-B5B7-4D71-8BBF-0E3578518CBD}.Debug|Any CPU.Build.0 = Debug|Any CPU
		{49016E9E-B5B7-4D71-8BBF-0E3578518CBD}.Release|Any CPU.ActiveCfg = Release|Any CPU
		{49016E9E-B5B7-4D71-8BBF-0E3578518CBD}.Release|Any CPU.Build.0 = Release|Any CPU
	EndGlobalSection
	GlobalSection(SolutionProperties) = preSolution
		HideSolutionNode = FALSE
	EndGlobalSection
	GlobalSection(ExtensibilityGlobals) = postSolution
		SolutionGuid = {5E311A85-1295-424A-B9A4-61E8E4FE86BF}
	EndGlobalSection
EndGlobal
